
Microsoft Visual Studio Solution File, Format Version 12.00
# Visual Studio 15
VisualStudioVersion = 15.0.27703.2035
MinimumVisualStudioVersion = 10.0.40219.1
Project("{8BC9CEB8-8B4A-11D0-8D11-00A0C91BC942}") = "Split_Merge", "Split_Merge\Split_Merge.vcxproj", "{B94583B1-F393-438D-B7DF-7811F3EAED6E}"
EndProject
Global
	GlobalSection(SolutionConfigurationPlatforms) = preSolution
		Debug|x64 = Debug|x64
		Debug|x86 = Debug|x86
		Release|x64 = Release|x64
		Release|x86 = Release|x86
	EndGlobalSection
	GlobalSection(ProjectConfigurationPlatforms) = postSolution
		{B94583B1-F393-438D-B7DF-7811F3EAED6E}.Debug|x64.ActiveCfg = Debug|x64
		{B94583B1-F393-438D-B7DF-7811F3EAED6E}.Debug|x64.Build.0 = Debug|x64
		{B94583B1-F393-438D-B7DF-7811F3EAED6E}.Debug|x86.ActiveCfg = Debug|Win32
		{B94583B1-F393-438D-B7DF-7811F3EAED6E}.Debug|x86.Build.0 = Debug|Win32
		{B94583B1-F393-438D-B7DF-7811F3EAED6E}.Release|x64.ActiveCfg = Release|x64
		{B94583B1-F393-438D-B7DF-7811F3EAED6E}.Release|x64.Build.0 = Release|x64
		{B94583B1-F393-438D-B7DF-7811F3EAED6E}.Release|x86.ActiveCfg = Release|Win32
		{B94583B1-F393-438D-B7DF-7811F3EAED6E}.Release|x86.Build.0 = Release|Win32
	EndGlobalSection
	GlobalSection(SolutionProperties) = preSolution
		HideSolutionNode = FALSE
	EndGlobalSection
	GlobalSection(ExtensibilityGlobals) = postSolution
		SolutionGuid = {A0997058-D8A4-4D93-B694-0CEFC68C8497}
	EndGlobalSection
EndGlobal
