
Microsoft Visual Studio Solution File, Format Version 12.00
# Visual Studio 15
VisualStudioVersion = 15.0.27703.2035
MinimumVisualStudioVersion = 10.0.40219.1
Project("{8BC9CEB8-8B4A-11D0-8D11-00A0C91BC942}") = "two_d_Gaussian", "two_d_Gaussian\two_d_Gaussian.vcxproj", "{D6FEF82E-7C9C-4315-8834-97B183F6BA10}"
EndProject
Global
	GlobalSection(SolutionConfigurationPlatforms) = preSolution
		Debug|x64 = Debug|x64
		Debug|x86 = Debug|x86
		Release|x64 = Release|x64
		Release|x86 = Release|x86
	EndGlobalSection
	GlobalSection(ProjectConfigurationPlatforms) = postSolution
		{D6FEF82E-7C9C-4315-8834-97B183F6BA10}.Debug|x64.ActiveCfg = Debug|x64
		{D6FEF82E-7C9C-4315-8834-97B183F6BA10}.Debug|x64.Build.0 = Debug|x64
		{D6FEF82E-7C9C-4315-8834-97B183F6BA10}.Debug|x86.ActiveCfg = Debug|Win32
		{D6FEF82E-7C9C-4315-8834-97B183F6BA10}.Debug|x86.Build.0 = Debug|Win32
		{D6FEF82E-7C9C-4315-8834-97B183F6BA10}.Release|x64.ActiveCfg = Release|x64
		{D6FEF82E-7C9C-4315-8834-97B183F6BA10}.Release|x64.Build.0 = Release|x64
		{D6FEF82E-7C9C-4315-8834-97B183F6BA10}.Release|x86.ActiveCfg = Release|Win32
		{D6FEF82E-7C9C-4315-8834-97B183F6BA10}.Release|x86.Build.0 = Release|Win32
	EndGlobalSection
	GlobalSection(SolutionProperties) = preSolution
		HideSolutionNode = FALSE
	EndGlobalSection
	GlobalSection(ExtensibilityGlobals) = postSolution
		SolutionGuid = {DD498505-F6AA-468F-AEA2-A7926C6E4091}
	EndGlobalSection
EndGlobal
