
Microsoft Visual Studio Solution File, Format Version 12.00
# Visual Studio 15
VisualStudioVersion = 15.0.27703.2035
MinimumVisualStudioVersion = 10.0.40219.1
Project("{8BC9CEB8-8B4A-11D0-8D11-00A0C91BC942}") = "Cam_Calibration", "Cam_Calibration\Cam_Calibration.vcxproj", "{33AC19AF-604C-4FA5-A540-BDB37B1A90A6}"
EndProject
Global
	GlobalSection(SolutionConfigurationPlatforms) = preSolution
		Debug|x64 = Debug|x64
		Debug|x86 = Debug|x86
		Release|x64 = Release|x64
		Release|x86 = Release|x86
	EndGlobalSection
	GlobalSection(ProjectConfigurationPlatforms) = postSolution
		{33AC19AF-604C-4FA5-A540-BDB37B1A90A6}.Debug|x64.ActiveCfg = Debug|x64
		{33AC19AF-604C-4FA5-A540-BDB37B1A90A6}.Debug|x64.Build.0 = Debug|x64
		{33AC19AF-604C-4FA5-A540-BDB37B1A90A6}.Debug|x86.ActiveCfg = Debug|Win32
		{33AC19AF-604C-4FA5-A540-BDB37B1A90A6}.Debug|x86.Build.0 = Debug|Win32
		{33AC19AF-604C-4FA5-A540-BDB37B1A90A6}.Release|x64.ActiveCfg = Release|x64
		{33AC19AF-604C-4FA5-A540-BDB37B1A90A6}.Release|x64.Build.0 = Release|x64
		{33AC19AF-604C-4FA5-A540-BDB37B1A90A6}.Release|x86.ActiveCfg = Release|Win32
		{33AC19AF-604C-4FA5-A540-BDB37B1A90A6}.Release|x86.Build.0 = Release|Win32
	EndGlobalSection
	GlobalSection(SolutionProperties) = preSolution
		HideSolutionNode = FALSE
	EndGlobalSection
	GlobalSection(ExtensibilityGlobals) = postSolution
		SolutionGuid = {D90330D4-C4AF-4DAA-8788-10A2D5472D00}
	EndGlobalSection
EndGlobal
